// !$*UTF8*$!
{
	archiveVersion = 1;
	classes = {
	};
	objectVersion = 46;
	objects = {

/* Begin PBXBuildFile section */
		44B5575E1D59E7F300879DAD /* main.m in Sources */ = {isa = PBXBuildFile; fileRef = 44B5575D1D59E7F300879DAD /* main.m */; };
		44B557611D59E7F300879DAD /* AppDelegate.m in Sources */ = {isa = PBXBuildFile; fileRef = 44B557601D59E7F300879DAD /* AppDelegate.m */; };
		44B557641D59E7F300879DAD /* ViewController.m in Sources */ = {isa = PBXBuildFile; fileRef = 44B557631D59E7F300879DAD /* ViewController.m */; };
		44B557671D59E7F300879DAD /* Main.storyboard in Resources */ = {isa = PBXBuildFile; fileRef = 44B557651D59E7F300879DAD /* Main.storyboard */; };
		44B557691D59E7F300879DAD /* Assets.xcassets in Resources */ = {isa = PBXBuildFile; fileRef = 44B557681D59E7F300879DAD /* Assets.xcassets */; };
		44B5576C1D59E7F300879DAD /* LaunchScreen.storyboard in Resources */ = {isa = PBXBuildFile; fileRef = 44B5576A1D59E7F300879DAD /* LaunchScreen.storyboard */; };
		44B557771D59E7F300879DAD /* YYKitTestTests.m in Sources */ = {isa = PBXBuildFile; fileRef = 44B557761D59E7F300879DAD /* YYKitTestTests.m */; };
		44B557821D59E7F300879DAD /* YYKitTestUITests.m in Sources */ = {isa = PBXBuildFile; fileRef = 44B557811D59E7F300879DAD /* YYKitTestUITests.m */; };
		44B557961D59E8A600879DAD /* WBStatusTimelineViewController.m in Sources */ = {isa = PBXBuildFile; fileRef = 44B557911D59E8A600879DAD /* WBStatusTimelineViewController.m */; };
		44B557971D59E8A600879DAD /* AsyncDisplayText.m in Sources */ = {isa = PBXBuildFile; fileRef = 44B557931D59E8A600879DAD /* AsyncDisplayText.m */; };
		44B557981D59E8A600879DAD /* ExampleCategory.m in Sources */ = {isa = PBXBuildFile; fileRef = 44B557951D59E8A600879DAD /* ExampleCategory.m */; };
		44B5579D1D59EA0F00879DAD /* WBStatusLayout.m in Sources */ = {isa = PBXBuildFile; fileRef = 44B5579C1D59EA0F00879DAD /* WBStatusLayout.m */; };
		44B557A11D59EE2300879DAD /* WBStatus.m in Sources */ = {isa = PBXBuildFile; fileRef = 44B557A01D59EE2300879DAD /* WBStatus.m */; };
		44B557A51D5A0E1D00879DAD /* WBStatusCell.m in Sources */ = {isa = PBXBuildFile; fileRef = 44B557A41D5A0E1D00879DAD /* WBStatusCell.m */; };
		6EC29386EB115A5E9C95A4F0 /* libPods.a in Frameworks */ = {isa = PBXBuildFile; fileRef = 40A18AFB020C4AB311DCAE7C /* libPods.a */; };
/* End PBXBuildFile section */

/* Begin PBXContainerItemProxy section */
		44B557731D59E7F300879DAD /* PBXContainerItemProxy */ = {
			isa = PBXContainerItemProxy;
			containerPortal = 44B557511D59E7F300879DAD /* Project object */;
			proxyType = 1;
			remoteGlobalIDString = 44B557581D59E7F300879DAD;
			remoteInfo = YYKitTest;
		};
		44B5577E1D59E7F300879DAD /* PBXContainerItemProxy */ = {
			isa = PBXContainerItemProxy;
			containerPortal = 44B557511D59E7F300879DAD /* Project object */;
			proxyType = 1;
			remoteGlobalIDString = 44B557581D59E7F300879DAD;
			remoteInfo = YYKitTest;
		};
/* End PBXContainerItemProxy section */

/* Begin PBXFileReference section */
		0EB08657CD3255662EC448C2 /* Pods.debug.xcconfig */ = {isa = PBXFileReference; includeInIndex = 1; lastKnownFileType = text.xcconfig; name = Pods.debug.xcconfig; path = "Pods/Target Support Files/Pods/Pods.debug.xcconfig"; sourceTree = "<group>"; };
		40A18AFB020C4AB311DCAE7C /* libPods.a */ = {isa = PBXFileReference; explicitFileType = archive.ar; includeInIndex = 0; path = libPods.a; sourceTree = BUILT_PRODUCTS_DIR; };
		44B557591D59E7F300879DAD /* YYKitTest.app */ = {isa = PBXFileReference; explicitFileType = wrapper.application; includeInIndex = 0; path = YYKitTest.app; sourceTree = BUILT_PRODUCTS_DIR; };
		44B5575D1D59E7F300879DAD /* main.m */ = {isa = PBXFileReference; lastKnownFileType = sourcecode.c.objc; path = main.m; sourceTree = "<group>"; };
		44B5575F1D59E7F300879DAD /* AppDelegate.h */ = {isa = PBXFileReference; lastKnownFileType = sourcecode.c.h; path = AppDelegate.h; sourceTree = "<group>"; };
		44B557601D59E7F300879DAD /* AppDelegate.m */ = {isa = PBXFileReference; lastKnownFileType = sourcecode.c.objc; path = AppDelegate.m; sourceTree = "<group>"; };
		44B557621D59E7F300879DAD /* ViewController.h */ = {isa = PBXFileReference; lastKnownFileType = sourcecode.c.h; path = ViewController.h; sourceTree = "<group>"; };
		44B557631D59E7F300879DAD /* ViewController.m */ = {isa = PBXFileReference; lastKnownFileType = sourcecode.c.objc; path = ViewController.m; sourceTree = "<group>"; };
		44B557661D59E7F300879DAD /* Base */ = {isa = PBXFileReference; lastKnownFileType = file.storyboard; name = Base; path = Base.lproj/Main.storyboard; sourceTree = "<group>"; };
		44B557681D59E7F300879DAD /* Assets.xcassets */ = {isa = PBXFileReference; lastKnownFileType = folder.assetcatalog; path = Assets.xcassets; sourceTree = "<group>"; };
		44B5576B1D59E7F300879DAD /* Base */ = {isa = PBXFileReference; lastKnownFileType = file.storyboard; name = Base; path = Base.lproj/LaunchScreen.storyboard; sourceTree = "<group>"; };
		44B5576D1D59E7F300879DAD /* Info.plist */ = {isa = PBXFileReference; lastKnownFileType = text.plist.xml; path = Info.plist; sourceTree = "<group>"; };
		44B557721D59E7F300879DAD /* YYKitTestTests.xctest */ = {isa = PBXFileReference; explicitFileType = wrapper.cfbundle; includeInIndex = 0; path = YYKitTestTests.xctest; sourceTree = BUILT_PRODUCTS_DIR; };
		44B557761D59E7F300879DAD /* YYKitTestTests.m */ = {isa = PBXFileReference; lastKnownFileType = sourcecode.c.objc; path = YYKitTestTests.m; sourceTree = "<group>"; };
		44B557781D59E7F300879DAD /* Info.plist */ = {isa = PBXFileReference; lastKnownFileType = text.plist.xml; path = Info.plist; sourceTree = "<group>"; };
		44B5577D1D59E7F300879DAD /* YYKitTestUITests.xctest */ = {isa = PBXFileReference; explicitFileType = wrapper.cfbundle; includeInIndex = 0; path = YYKitTestUITests.xctest; sourceTree = BUILT_PRODUCTS_DIR; };
		44B557811D59E7F300879DAD /* YYKitTestUITests.m */ = {isa = PBXFileReference; lastKnownFileType = sourcecode.c.objc; path = YYKitTestUITests.m; sourceTree = "<group>"; };
		44B557831D59E7F300879DAD /* Info.plist */ = {isa = PBXFileReference; lastKnownFileType = text.plist.xml; path = Info.plist; sourceTree = "<group>"; };
		44B557901D59E8A600879DAD /* WBStatusTimelineViewController.h */ = {isa = PBXFileReference; fileEncoding = 4; lastKnownFileType = sourcecode.c.h; path = WBStatusTimelineViewController.h; sourceTree = "<group>"; };
		44B557911D59E8A600879DAD /* WBStatusTimelineViewController.m */ = {isa = PBXFileReference; fileEncoding = 4; lastKnownFileType = sourcecode.c.objc; path = WBStatusTimelineViewController.m; sourceTree = "<group>"; };
		44B557921D59E8A600879DAD /* AsyncDisplayText.h */ = {isa = PBXFileReference; fileEncoding = 4; lastKnownFileType = sourcecode.c.h; path = AsyncDisplayText.h; sourceTree = "<group>"; };
		44B557931D59E8A600879DAD /* AsyncDisplayText.m */ = {isa = PBXFileReference; fileEncoding = 4; lastKnownFileType = sourcecode.c.objc; path = AsyncDisplayText.m; sourceTree = "<group>"; };
		44B557941D59E8A600879DAD /* ExampleCategory.h */ = {isa = PBXFileReference; fileEncoding = 4; lastKnownFileType = sourcecode.c.h; path = ExampleCategory.h; sourceTree = "<group>"; };
		44B557951D59E8A600879DAD /* ExampleCategory.m */ = {isa = PBXFileReference; fileEncoding = 4; lastKnownFileType = sourcecode.c.objc; path = ExampleCategory.m; sourceTree = "<group>"; };
		44B5579B1D59EA0F00879DAD /* WBStatusLayout.h */ = {isa = PBXFileReference; fileEncoding = 4; lastKnownFileType = sourcecode.c.h; path = WBStatusLayout.h; sourceTree = "<group>"; };
		44B5579C1D59EA0F00879DAD /* WBStatusLayout.m */ = {isa = PBXFileReference; fileEncoding = 4; lastKnownFileType = sourcecode.c.objc; path = WBStatusLayout.m; sourceTree = "<group>"; };
		44B5579F1D59EE2300879DAD /* WBStatus.h */ = {isa = PBXFileReference; fileEncoding = 4; lastKnownFileType = sourcecode.c.h; path = WBStatus.h; sourceTree = "<group>"; };
		44B557A01D59EE2300879DAD /* WBStatus.m */ = {isa = PBXFileReference; fileEncoding = 4; lastKnownFileType = sourcecode.c.objc; path = WBStatus.m; sourceTree = "<group>"; };
		44B557A31D5A0E1D00879DAD /* WBStatusCell.h */ = {isa = PBXFileReference; fileEncoding = 4; lastKnownFileType = sourcecode.c.h; path = WBStatusCell.h; sourceTree = "<group>"; };
		44B557A41D5A0E1D00879DAD /* WBStatusCell.m */ = {isa = PBXFileReference; fileEncoding = 4; lastKnownFileType = sourcecode.c.objc; path = WBStatusCell.m; sourceTree = "<group>"; };
		64F07EDC17786A130B0A3F74 /* Pods.release.xcconfig */ = {isa = PBXFileReference; includeInIndex = 1; lastKnownFileType = text.xcconfig; name = Pods.release.xcconfig; path = "Pods/Target Support Files/Pods/Pods.release.xcconfig"; sourceTree = "<group>"; };
/* End PBXFileReference section */

/* Begin PBXFrameworksBuildPhase section */
		44B557561D59E7F300879DAD /* Frameworks */ = {
			isa = PBXFrameworksBuildPhase;
			buildActionMask = 2147483647;
			files = (
				6EC29386EB115A5E9C95A4F0 /* libPods.a in Frameworks */,
			);
			runOnlyForDeploymentPostprocessing = 0;
		};
		44B5576F1D59E7F300879DAD /* Frameworks */ = {
			isa = PBXFrameworksBuildPhase;
			buildActionMask = 2147483647;
			files = (
			);
			runOnlyForDeploymentPostprocessing = 0;
		};
		44B5577A1D59E7F300879DAD /* Frameworks */ = {
			isa = PBXFrameworksBuildPhase;
			buildActionMask = 2147483647;
			files = (
			);
			runOnlyForDeploymentPostprocessing = 0;
		};
/* End PBXFrameworksBuildPhase section */

/* Begin PBXGroup section */
		44B557501D59E7F300879DAD = {
			isa = PBXGroup;
			children = (
				44B5575B1D59E7F300879DAD /* YYKitTest */,
				44B557751D59E7F300879DAD /* YYKitTestTests */,
				44B557801D59E7F300879DAD /* YYKitTestUITests */,
				44B5575A1D59E7F300879DAD /* Products */,
				8885420DE4E847F244EC8828 /* Pods */,
				BAED589B3FF90856EEF6BCC8 /* Frameworks */,
			);
			sourceTree = "<group>";
		};
		44B5575A1D59E7F300879DAD /* Products */ = {
			isa = PBXGroup;
			children = (
				44B557591D59E7F300879DAD /* YYKitTest.app */,
				44B557721D59E7F300879DAD /* YYKitTestTests.xctest */,
				44B5577D1D59E7F300879DAD /* YYKitTestUITests.xctest */,
			);
			name = Products;
			sourceTree = "<group>";
		};
		44B5575B1D59E7F300879DAD /* YYKitTest */ = {
			isa = PBXGroup;
			children = (
				44B5578F1D59E80600879DAD /* Demo */,
				44B5575F1D59E7F300879DAD /* AppDelegate.h */,
				44B557601D59E7F300879DAD /* AppDelegate.m */,
				44B557621D59E7F300879DAD /* ViewController.h */,
				44B557631D59E7F300879DAD /* ViewController.m */,
				44B557651D59E7F300879DAD /* Main.storyboard */,
				44B557681D59E7F300879DAD /* Assets.xcassets */,
				44B5576A1D59E7F300879DAD /* LaunchScreen.storyboard */,
				44B5576D1D59E7F300879DAD /* Info.plist */,
				44B5575C1D59E7F300879DAD /* Supporting Files */,
			);
			path = YYKitTest;
			sourceTree = "<group>";
		};
		44B5575C1D59E7F300879DAD /* Supporting Files */ = {
			isa = PBXGroup;
			children = (
				44B5575D1D59E7F300879DAD /* main.m */,
			);
			name = "Supporting Files";
			sourceTree = "<group>";
		};
		44B557751D59E7F300879DAD /* YYKitTestTests */ = {
			isa = PBXGroup;
			children = (
				44B557761D59E7F300879DAD /* YYKitTestTests.m */,
				44B557781D59E7F300879DAD /* Info.plist */,
			);
			path = YYKitTestTests;
			sourceTree = "<group>";
		};
		44B557801D59E7F300879DAD /* YYKitTestUITests */ = {
			isa = PBXGroup;
			children = (
				44B557811D59E7F300879DAD /* YYKitTestUITests.m */,
				44B557831D59E7F300879DAD /* Info.plist */,
			);
			path = YYKitTestUITests;
			sourceTree = "<group>";
		};
		44B5578F1D59E80600879DAD /* Demo */ = {
			isa = PBXGroup;
			children = (
				44B557A21D5A0E0C00879DAD /* View */,
				44B5579E1D59EE1300879DAD /* Model */,
				44B5579A1D59E9F500879DAD /* Layout */,
				44B557991D59E9E500879DAD /* ViewController */,
			);
			name = Demo;
			sourceTree = "<group>";
		};
		44B557991D59E9E500879DAD /* ViewController */ = {
			isa = PBXGroup;
			children = (
				44B557901D59E8A600879DAD /* WBStatusTimelineViewController.h */,
				44B557911D59E8A600879DAD /* WBStatusTimelineViewController.m */,
				44B557921D59E8A600879DAD /* AsyncDisplayText.h */,
				44B557931D59E8A600879DAD /* AsyncDisplayText.m */,
				44B557941D59E8A600879DAD /* ExampleCategory.h */,
				44B557951D59E8A600879DAD /* ExampleCategory.m */,
			);
			name = ViewController;
			sourceTree = "<group>";
		};
		44B5579A1D59E9F500879DAD /* Layout */ = {
			isa = PBXGroup;
			children = (
				44B5579B1D59EA0F00879DAD /* WBStatusLayout.h */,
				44B5579C1D59EA0F00879DAD /* WBStatusLayout.m */,
			);
			name = Layout;
			sourceTree = "<group>";
		};
		44B5579E1D59EE1300879DAD /* Model */ = {
			isa = PBXGroup;
			children = (
				44B5579F1D59EE2300879DAD /* WBStatus.h */,
				44B557A01D59EE2300879DAD /* WBStatus.m */,
			);
			name = Model;
			sourceTree = "<group>";
		};
		44B557A21D5A0E0C00879DAD /* View */ = {
			isa = PBXGroup;
			children = (
				44B557A31D5A0E1D00879DAD /* WBStatusCell.h */,
				44B557A41D5A0E1D00879DAD /* WBStatusCell.m */,
			);
			name = View;
			sourceTree = "<group>";
		};
		8885420DE4E847F244EC8828 /* Pods */ = {
			isa = PBXGroup;
			children = (
				0EB08657CD3255662EC448C2 /* Pods.debug.xcconfig */,
				64F07EDC17786A130B0A3F74 /* Pods.release.xcconfig */,
			);
			name = Pods;
			sourceTree = "<group>";
		};
		BAED589B3FF90856EEF6BCC8 /* Frameworks */ = {
			isa = PBXGroup;
			children = (
				40A18AFB020C4AB311DCAE7C /* libPods.a */,
			);
			name = Frameworks;
			sourceTree = "<group>";
		};
/* End PBXGroup section */

/* Begin PBXNativeTarget section */
		44B557581D59E7F300879DAD /* YYKitTest */ = {
			isa = PBXNativeTarget;
			buildConfigurationList = 44B557861D59E7F300879DAD /* Build configuration list for PBXNativeTarget "YYKitTest" */;
			buildPhases = (
				7BD3D46630E8A82D51F06E62 /* Check Pods Manifest.lock */,
				44B557551D59E7F300879DAD /* Sources */,
				44B557561D59E7F300879DAD /* Frameworks */,
				44B557571D59E7F300879DAD /* Resources */,
				D2336CA80091EB40BF3718E7 /* Embed Pods Frameworks */,
				4B1BB366AE0CC2E4BD252127 /* Copy Pods Resources */,
			);
			buildRules = (
			);
			dependencies = (
			);
			name = YYKitTest;
			productName = YYKitTest;
			productReference = 44B557591D59E7F300879DAD /* YYKitTest.app */;
			productType = "com.apple.product-type.application";
		};
		44B557711D59E7F300879DAD /* YYKitTestTests */ = {
			isa = PBXNativeTarget;
			buildConfigurationList = 44B557891D59E7F300879DAD /* Build configuration list for PBXNativeTarget "YYKitTestTests" */;
			buildPhases = (
				44B5576E1D59E7F300879DAD /* Sources */,
				44B5576F1D59E7F300879DAD /* Frameworks */,
				44B557701D59E7F300879DAD /* Resources */,
			);
			buildRules = (
			);
			dependencies = (
				44B557741D59E7F300879DAD /* PBXTargetDependency */,
			);
			name = YYKitTestTests;
			productName = YYKitTestTests;
			productReference = 44B557721D59E7F300879DAD /* YYKitTestTests.xctest */;
			productType = "com.apple.product-type.bundle.unit-test";
		};
		44B5577C1D59E7F300879DAD /* YYKitTestUITests */ = {
			isa = PBXNativeTarget;
			buildConfigurationList = 44B5578C1D59E7F300879DAD /* Build configuration list for PBXNativeTarget "YYKitTestUITests" */;
			buildPhases = (
				44B557791D59E7F300879DAD /* Sources */,
				44B5577A1D59E7F300879DAD /* Frameworks */,
				44B5577B1D59E7F300879DAD /* Resources */,
			);
			buildRules = (
			);
			dependencies = (
				44B5577F1D59E7F300879DAD /* PBXTargetDependency */,
			);
			name = YYKitTestUITests;
			productName = YYKitTestUITests;
			productReference = 44B5577D1D59E7F300879DAD /* YYKitTestUITests.xctest */;
			productType = "com.apple.product-type.bundle.ui-testing";
		};
/* End PBXNativeTarget section */

/* Begin PBXProject section */
		44B557511D59E7F300879DAD /* Project object */ = {
			isa = PBXProject;
			attributes = {
				LastUpgradeCheck = 0730;
				ORGANIZATIONNAME = "iermu-xiaoqi.zhang";
				TargetAttributes = {
					44B557581D59E7F300879DAD = {
						CreatedOnToolsVersion = 7.3;
						DevelopmentTeam = JQJGD4S788;
					};
					44B557711D59E7F300879DAD = {
						CreatedOnToolsVersion = 7.3;
						TestTargetID = 44B557581D59E7F300879DAD;
					};
					44B5577C1D59E7F300879DAD = {
						CreatedOnToolsVersion = 7.3;
						TestTargetID = 44B557581D59E7F300879DAD;
					};
				};
			};
			buildConfigurationList = 44B557541D59E7F300879DAD /* Build configuration list for PBXProject "YYKitTest" */;
			compatibilityVersion = "Xcode 3.2";
			developmentRegion = English;
			hasScannedForEncodings = 0;
			knownRegions = (
				en,
				Base,
			);
			mainGroup = 44B557501D59E7F300879DAD;
			productRefGroup = 44B5575A1D59E7F300879DAD /* Products */;
			projectDirPath = "";
			projectRoot = "";
			targets = (
				44B557581D59E7F300879DAD /* YYKitTest */,
				44B557711D59E7F300879DAD /* YYKitTestTests */,
				44B5577C1D59E7F300879DAD /* YYKitTestUITests */,
			);
		};
/* End PBXProject section */

/* Begin PBXResourcesBuildPhase section */
		44B557571D59E7F300879DAD /* Resources */ = {
			isa = PBXResourcesBuildPhase;
			buildActionMask = 2147483647;
			files = (
				44B5576C1D59E7F300879DAD /* LaunchScreen.storyboard in Resources */,
				44B557691D59E7F300879DAD /* Assets.xcassets in Resources */,
				44B557671D59E7F300879DAD /* Main.storyboard in Resources */,
			);
			runOnlyForDeploymentPostprocessing = 0;
		};
		44B557701D59E7F300879DAD /* Resources */ = {
			isa = PBXResourcesBuildPhase;
			buildActionMask = 2147483647;
			files = (
			);
			runOnlyForDeploymentPostprocessing = 0;
		};
		44B5577B1D59E7F300879DAD /* Resources */ = {
			isa = PBXResourcesBuildPhase;
			buildActionMask = 2147483647;
			files = (
			);
			runOnlyForDeploymentPostprocessing = 0;
		};
/* End PBXResourcesBuildPhase section */

/* Begin PBXShellScriptBuildPhase section */
		4B1BB366AE0CC2E4BD252127 /* Copy Pods Resources */ = {
			isa = PBXShellScriptBuildPhase;
			buildActionMask = 2147483647;
			files = (
			);
			inputPaths = (
			);
			name = "Copy Pods Resources";
			outputPaths = (
			);
			runOnlyForDeploymentPostprocessing = 0;
			shellPath = /bin/sh;
			shellScript = "\"${SRCROOT}/Pods/Target Support Files/Pods/Pods-resources.sh\"\n";
			showEnvVarsInLog = 0;
		};
		7BD3D46630E8A82D51F06E62 /* Check Pods Manifest.lock */ = {
			isa = PBXShellScriptBuildPhase;
			buildActionMask = 2147483647;
			files = (
			);
			inputPaths = (
			);
			name = "Check Pods Manifest.lock";
			outputPaths = (
			);
			runOnlyForDeploymentPostprocessing = 0;
			shellPath = /bin/sh;
			shellScript = "diff \"${PODS_ROOT}/../Podfile.lock\" \"${PODS_ROOT}/Manifest.lock\" > /dev/null\nif [[ $? != 0 ]] ; then\n    cat << EOM\nerror: The sandbox is not in sync with the Podfile.lock. Run 'pod install' or update your CocoaPods installation.\nEOM\n    exit 1\nfi\n";
			showEnvVarsInLog = 0;
		};
		D2336CA80091EB40BF3718E7 /* Embed Pods Frameworks */ = {
			isa = PBXShellScriptBuildPhase;
			buildActionMask = 2147483647;
			files = (
			);
			inputPaths = (
			);
			name = "Embed Pods Frameworks";
			outputPaths = (
			);
			runOnlyForDeploymentPostprocessing = 0;
			shellPath = /bin/sh;
			shellScript = "\"${SRCROOT}/Pods/Target Support Files/Pods/Pods-frameworks.sh\"\n";
			showEnvVarsInLog = 0;
		};
/* End PBXShellScriptBuildPhase section */

/* Begin PBXSourcesBuildPhase section */
		44B557551D59E7F300879DAD /* Sources */ = {
			isa = PBXSourcesBuildPhase;
			buildActionMask = 2147483647;
			files = (
				44B557961D59E8A600879DAD /* WBStatusTimelineViewController.m in Sources */,
				44B557A51D5A0E1D00879DAD /* WBStatusCell.m in Sources */,
				44B557641D59E7F300879DAD /* ViewController.m in Sources */,
				44B557A11D59EE2300879DAD /* WBStatus.m in Sources */,
				44B557971D59E8A600879DAD /* AsyncDisplayText.m in Sources */,
				44B557611D59E7F300879DAD /* AppDelegate.m in Sources */,
				44B5579D1D59EA0F00879DAD /* WBStatusLayout.m in Sources */,
				44B557981D59E8A600879DAD /* ExampleCategory.m in Sources */,
				44B5575E1D59E7F300879DAD /* main.m in Sources */,
			);
			runOnlyForDeploymentPostprocessing = 0;
		};
		44B5576E1D59E7F300879DAD /* Sources */ = {
			isa = PBXSourcesBuildPhase;
			buildActionMask = 2147483647;
			files = (
				44B557771D59E7F300879DAD /* YYKitTestTests.m in Sources */,
			);
			runOnlyForDeploymentPostprocessing = 0;
		};
		44B557791D59E7F300879DAD /* Sources */ = {
			isa = PBXSourcesBuildPhase;
			buildActionMask = 2147483647;
			files = (
				44B557821D59E7F300879DAD /* YYKitTestUITests.m in Sources */,
			);
			runOnlyForDeploymentPostprocessing = 0;
		};
/* End PBXSourcesBuildPhase section */

/* Begin PBXTargetDependency section */
		44B557741D59E7F300879DAD /* PBXTargetDependency */ = {
			isa = PBXTargetDependency;
			target = 44B557581D59E7F300879DAD /* YYKitTest */;
			targetProxy = 44B557731D59E7F300879DAD /* PBXContainerItemProxy */;
		};
		44B5577F1D59E7F300879DAD /* PBXTargetDependency */ = {
			isa = PBXTargetDependency;
			target = 44B557581D59E7F300879DAD /* YYKitTest */;
			targetProxy = 44B5577E1D59E7F300879DAD /* PBXContainerItemProxy */;
		};
/* End PBXTargetDependency section */

/* Begin PBXVariantGroup section */
		44B557651D59E7F300879DAD /* Main.storyboard */ = {
			isa = PBXVariantGroup;
			children = (
				44B557661D59E7F300879DAD /* Base */,
			);
			name = Main.storyboard;
			sourceTree = "<group>";
		};
		44B5576A1D59E7F300879DAD /* LaunchScreen.storyboard */ = {
			isa = PBXVariantGroup;
			children = (
				44B5576B1D59E7F300879DAD /* Base */,
			);
			name = LaunchScreen.storyboard;
			sourceTree = "<group>";
		};
/* End PBXVariantGroup section */

/* Begin XCBuildConfiguration section */
		44B557841D59E7F300879DAD /* Debug */ = {
			isa = XCBuildConfiguration;
			buildSettings = {
				ALWAYS_SEARCH_USER_PATHS = NO;
				CLANG_ANALYZER_NONNULL = YES;
				CLANG_CXX_LANGUAGE_STANDARD = "gnu++0x";
				CLANG_CXX_LIBRARY = "libc++";
				CLANG_ENABLE_MODULES = YES;
				CLANG_ENABLE_OBJC_ARC = YES;
				CLANG_WARN_BOOL_CONVERSION = YES;
				CLANG_WARN_CONSTANT_CONVERSION = YES;
				CLANG_WARN_DIRECT_OBJC_ISA_USAGE = YES_ERROR;
				CLANG_WARN_EMPTY_BODY = YES;
				CLANG_WARN_ENUM_CONVERSION = YES;
				CLANG_WARN_INT_CONVERSION = YES;
				CLANG_WARN_OBJC_ROOT_CLASS = YES_ERROR;
				CLANG_WARN_UNREACHABLE_CODE = YES;
				CLANG_WARN__DUPLICATE_METHOD_MATCH = YES;
				"CODE_SIGN_IDENTITY[sdk=iphoneos*]" = "iPhone Developer";
				COPY_PHASE_STRIP = NO;
				DEBUG_INFORMATION_FORMAT = dwarf;
				ENABLE_STRICT_OBJC_MSGSEND = YES;
				ENABLE_TESTABILITY = YES;
				GCC_C_LANGUAGE_STANDARD = gnu99;
				GCC_DYNAMIC_NO_PIC = NO;
				GCC_NO_COMMON_BLOCKS = YES;
				GCC_OPTIMIZATION_LEVEL = 0;
				GCC_PREPROCESSOR_DEFINITIONS = (
					"DEBUG=1",
					"$(inherited)",
				);
				GCC_WARN_64_TO_32_BIT_CONVERSION = YES;
				GCC_WARN_ABOUT_RETURN_TYPE = YES_ERROR;
				GCC_WARN_UNDECLARED_SELECTOR = YES;
				GCC_WARN_UNINITIALIZED_AUTOS = YES_AGGRESSIVE;
				GCC_WARN_UNUSED_FUNCTION = YES;
				GCC_WARN_UNUSED_VARIABLE = YES;
				IPHONEOS_DEPLOYMENT_TARGET = 9.3;
				MTL_ENABLE_DEBUG_INFO = YES;
				ONLY_ACTIVE_ARCH = YES;
				SDKROOT = iphoneos;
				TARGETED_DEVICE_FAMILY = "1,2";
			};
			name = Debug;
		};
		44B557851D59E7F300879DAD /* Release */ = {
			isa = XCBuildConfiguration;
			buildSettings = {
				ALWAYS_SEARCH_USER_PATHS = NO;
				CLANG_ANALYZER_NONNULL = YES;
				CLANG_CXX_LANGUAGE_STANDARD = "gnu++0x";
				CLANG_CXX_LIBRARY = "libc++";
				CLANG_ENABLE_MODULES = YES;
				CLANG_ENABLE_OBJC_ARC = YES;
				CLANG_WARN_BOOL_CONVERSION = YES;
				CLANG_WARN_CONSTANT_CONVERSION = YES;
				CLANG_WARN_DIRECT_OBJC_ISA_USAGE = YES_ERROR;
				CLANG_WARN_EMPTY_BODY = YES;
				CLANG_WARN_ENUM_CONVERSION = YES;
				CLANG_WARN_INT_CONVERSION = YES;
				CLANG_WARN_OBJC_ROOT_CLASS = YES_ERROR;
				CLANG_WARN_UNREACHABLE_CODE = YES;
				CLANG_WARN__DUPLICATE_METHOD_MATCH = YES;
				"CODE_SIGN_IDENTITY[sdk=iphoneos*]" = "iPhone Developer";
				COPY_PHASE_STRIP = NO;
				DEBUG_INFORMATION_FORMAT = "dwarf-with-dsym";
				ENABLE_NS_ASSERTIONS = NO;
				ENABLE_STRICT_OBJC_MSGSEND = YES;
				GCC_C_LANGUAGE_STANDARD = gnu99;
				GCC_NO_COMMON_BLOCKS = YES;
				GCC_WARN_64_TO_32_BIT_CONVERSION = YES;
				GCC_WARN_ABOUT_RETURN_TYPE = YES_ERROR;
				GCC_WARN_UNDECLARED_SELECTOR = YES;
				GCC_WARN_UNINITIALIZED_AUTOS = YES_AGGRESSIVE;
				GCC_WARN_UNUSED_FUNCTION = YES;
				GCC_WARN_UNUSED_VARIABLE = YES;
				IPHONEOS_DEPLOYMENT_TARGET = 9.3;
				MTL_ENABLE_DEBUG_INFO = NO;
				SDKROOT = iphoneos;
				TARGETED_DEVICE_FAMILY = "1,2";
				VALIDATE_PRODUCT = YES;
			};
			name = Release;
		};
		44B557871D59E7F300879DAD /* Debug */ = {
			isa = XCBuildConfiguration;
			baseConfigurationReference = 0EB08657CD3255662EC448C2 /* Pods.debug.xcconfig */;
			buildSettings = {
				ASSETCATALOG_COMPILER_APPICON_NAME = AppIcon;
				CODE_SIGN_IDENTITY = "iPhone Developer";
				"CODE_SIGN_IDENTITY[sdk=iphoneos*]" = "iPhone Developer";
				INFOPLIST_FILE = YYKitTest/Info.plist;
				LD_RUNPATH_SEARCH_PATHS = "$(inherited) @executable_path/Frameworks";
				PRODUCT_BUNDLE_IDENTIFIER = com.yyText;
				PRODUCT_NAME = "$(TARGET_NAME)";
				PROVISIONING_PROFILE = "";
			};
			name = Debug;
		};
		44B557881D59E7F300879DAD /* Release */ = {
			isa = XCBuildConfiguration;
			baseConfigurationReference = 64F07EDC17786A130B0A3F74 /* Pods.release.xcconfig */;
			buildSettings = {
				ASSETCATALOG_COMPILER_APPICON_NAME = AppIcon;
				CODE_SIGN_IDENTITY = "iPhone Developer";
				"CODE_SIGN_IDENTITY[sdk=iphoneos*]" = "iPhone Developer";
				INFOPLIST_FILE = YYKitTest/Info.plist;
				LD_RUNPATH_SEARCH_PATHS = "$(inherited) @executable_path/Frameworks";
				PRODUCT_BUNDLE_IDENTIFIER = com.yyText;
				PRODUCT_NAME = "$(TARGET_NAME)";
				PROVISIONING_PROFILE = "";
			};
			name = Release;
		};
		44B5578A1D59E7F300879DAD /* Debug */ = {
			isa = XCBuildConfiguration;
			buildSettings = {
				BUNDLE_LOADER = "$(TEST_HOST)";
				INFOPLIST_FILE = YYKitTestTests/Info.plist;
				LD_RUNPATH_SEARCH_PATHS = "$(inherited) @executable_path/Frameworks @loader_path/Frameworks";
				PRODUCT_BUNDLE_IDENTIFIER = iermu.YYKitTestTests;
				PRODUCT_NAME = "$(TARGET_NAME)";
				TEST_HOST = "$(BUILT_PRODUCTS_DIR)/YYKitTest.app/YYKitTest";
			};
			name = Debug;
		};
		44B5578B1D59E7F300879DAD /* Release */ = {
			isa = XCBuildConfiguration;
			buildSettings = {
				BUNDLE_LOADER = "$(TEST_HOST)";
				INFOPLIST_FILE = YYKitTestTests/Info.plist;
				LD_RUNPATH_SEARCH_PATHS = "$(inherited) @executable_path/Frameworks @loader_path/Frameworks";
				PRODUCT_BUNDLE_IDENTIFIER = iermu.YYKitTestTests;
				PRODUCT_NAME = "$(TARGET_NAME)";
				TEST_HOST = "$(BUILT_PRODUCTS_DIR)/YYKitTest.app/YYKitTest";
			};
			name = Release;
		};
		44B5578D1D59E7F300879DAD /* Debug */ = {
			isa = XCBuildConfiguration;
			buildSettings = {
				INFOPLIST_FILE = YYKitTestUITests/Info.plist;
				LD_RUNPATH_SEARCH_PATHS = "$(inherited) @executable_path/Frameworks @loader_path/Frameworks";
				PRODUCT_BUNDLE_IDENTIFIER = iermu.YYKitTestUITests;
				PRODUCT_NAME = "$(TARGET_NAME)";
				TEST_TARGET_NAME = YYKitTest;
			};
			name = Debug;
		};
		44B5578E1D59E7F300879DAD /* Release */ = {
			isa = XCBuildConfiguration;
			buildSettings = {
				INFOPLIST_FILE = YYKitTestUITests/Info.plist;
				LD_RUNPATH_SEARCH_PATHS = "$(inherited) @executable_path/Frameworks @loader_path/Frameworks";
				PRODUCT_BUNDLE_IDENTIFIER = iermu.YYKitTestUITests;
				PRODUCT_NAME = "$(TARGET_NAME)";
				TEST_TARGET_NAME = YYKitTest;
			};
			name = Release;
		};
/* End XCBuildConfiguration section */

/* Begin XCConfigurationList section */
		44B557541D59E7F300879DAD /* Build configuration list for PBXProject "YYKitTest" */ = {
			isa = XCConfigurationList;
			buildConfigurations = (
				44B557841D59E7F300879DAD /* Debug */,
				44B557851D59E7F300879DAD /* Release */,
			);
			defaultConfigurationIsVisible = 0;
			defaultConfigurationName = Release;
		};
		44B557861D59E7F300879DAD /* Build configuration list for PBXNativeTarget "YYKitTest" */ = {
			isa = XCConfigurationList;
			buildConfigurations = (
				44B557871D59E7F300879DAD /* Debug */,
				44B557881D59E7F300879DAD /* Release */,
			);
			defaultConfigurationIsVisible = 0;
			defaultConfigurationName = Release;
		};
		44B557891D59E7F300879DAD /* Build configuration list for PBXNativeTarget "YYKitTestTests" */ = {
			isa = XCConfigurationList;
			buildConfigurations = (
				44B5578A1D59E7F300879DAD /* Debug */,
				44B5578B1D59E7F300879DAD /* Release */,
			);
			defaultConfigurationIsVisible = 0;
			defaultConfigurationName = Release;
		};
		44B5578C1D59E7F300879DAD /* Build configuration list for PBXNativeTarget "YYKitTestUITests" */ = {
			isa = XCConfigurationList;
			buildConfigurations = (
				44B5578D1D59E7F300879DAD /* Debug */,
				44B5578E1D59E7F300879DAD /* Release */,
			);
			defaultConfigurationIsVisible = 0;
			defaultConfigurationName = Release;
		};
/* End XCConfigurationList section */
	};
	rootObject = 44B557511D59E7F300879DAD /* Project object */;
}
